lockfileVersion: '9.0'

settings:
  autoInstallPeers: true
  excludeLinksFromLockfile: false

importers:

  .:
    devDependencies:
      '@parischap/configs':
        specifier: file:.
        version: 'configs@file:'

packages:

  'configs@file:':
    resolution: {directory: '', type: directory}
    hasBin: true

snapshots:

  'configs@file:': {}
